PODS:
  - FlutterMacOS (1.0.0)
  - rust_lib_slime_works (0.0.1):
    - FlutterMacOS

DEPENDENCIES:
  - FlutterMacOS (from `Flutter/ephemeral`)
  - rust_lib_slime_works (from `Flutter/ephemeral/.symlinks/plugins/rust_lib_slime_works/macos`)

EXTERNAL SOURCES:
  FlutterMacOS:
    :path: Flutter/ephemeral
  rust_lib_slime_works:
    :path: Flutter/ephemeral/.symlinks/plugins/rust_lib_slime_works/macos

SPEC CHECKSUMS:
  FlutterMacOS: d0db08ddef1a9af05a5ec4b724367152bb0500b1
  rust_lib_slime_works: d8bc7b1d10f02012f5681b268a56493d6dd84857

PODFILE CHECKSUM: 54d867c82ac51cbd61b565781b9fada492027009

COCOAPODS: 1.16.2
